
Microsoft Visual Studio Solution File, Format Version 12.00
# Visual Studio 2013
VisualStudioVersion = 12.0.31101.0
MinimumVisualStudioVersion = 10.0.40219.1
Project("{FAE04EC0-301F-11D3-BF4B-00C04F79EFBC}") = "IB_Laboratornaya_Rabota.Objects", "Objects/IB_Laboratornaya_Rabota.Objects.csproj", "{9B314740-D86C-49AD-AF7D-7EE2E5353CE0}"
EndProject
Project("{FAE04EC0-301F-11D3-BF4B-00C04F79EFBC}") = "IB_Laboratornaya_Rabota.ODataBackend", "ODataBackend/IB_Laboratornaya_Rabota.ODataBackend.csproj", "{C82713CB-C75C-4E17-98C1-8CD6B3FBC8C5}"
EndProject
Global
	GlobalSection(SolutionConfigurationPlatforms) = preSolution
Debug|Any CPU = Debug|Any CPU
Release|Any CPU = Release|Any CPU
	EndGlobalSection
	GlobalSection(ProjectConfigurationPlatforms) = postSolution
		{9B314740-D86C-49AD-AF7D-7EE2E5353CE0}.Debug|Any CPU.ActiveCfg = Debug|Any CPU
		{9B314740-D86C-49AD-AF7D-7EE2E5353CE0}.Debug|Any CPU.Build.0 = Debug|Any CPU
		{9B314740-D86C-49AD-AF7D-7EE2E5353CE0}.Release|Any CPU.ActiveCfg = Release|Any CPU
		{9B314740-D86C-49AD-AF7D-7EE2E5353CE0}.Release|Any CPU.Build.0 = Release|Any CPU
		{C82713CB-C75C-4E17-98C1-8CD6B3FBC8C5}.Debug|Any CPU.ActiveCfg = Debug|Any CPU
		{C82713CB-C75C-4E17-98C1-8CD6B3FBC8C5}.Debug|Any CPU.Build.0 = Debug|Any CPU
		{C82713CB-C75C-4E17-98C1-8CD6B3FBC8C5}.Release|Any CPU.ActiveCfg = Release|Any CPU
		{C82713CB-C75C-4E17-98C1-8CD6B3FBC8C5}.Release|Any CPU.Build.0 = Release|Any CPU
	EndGlobalSection
	GlobalSection(SolutionProperties) = preSolution
		HideSolutionNode = FALSE
	EndGlobalSection
EndGlobal
